
Microsoft Visual Studio Solution File, Format Version 12.00
# Visual Studio 15
VisualStudioVersion = 15.0.28010.2019
MinimumVisualStudioVersion = 10.0.40219.1
Project("{FAE04EC0-301F-11D3-BF4B-00C04F79EFBC}") = "MvcMovie", "MvcMovie\MvcMovie.csproj", "{02B7C29B-E128-458E-9CD0-1867FF4521A2}"
EndProject
Global
	GlobalSection(SolutionConfigurationPlatforms) = preSolution
		Debug|Any CPU = Debug|Any CPU
		Release|Any CPU = Release|Any CPU
	EndGlobalSection
	GlobalSection(ProjectConfigurationPlatforms) = postSolution
		{02B7C29B-E128-458E-9CD0-1867FF4521A2}.Debug|Any CPU.ActiveCfg = Debug|Any CPU
		{02B7C29B-E128-458E-9CD0-1867FF4521A2}.Debug|Any CPU.Build.0 = Debug|Any CPU
		{02B7C29B-E128-458E-9CD0-1867FF4521A2}.Release|Any CPU.ActiveCfg = Release|Any CPU
		{02B7C29B-E128-458E-9CD0-1867FF4521A2}.Release|Any CPU.Build.0 = Release|Any CPU
	EndGlobalSection
	GlobalSection(SolutionProperties) = preSolution
		HideSolutionNode = FALSE
	EndGlobalSection
	GlobalSection(ExtensibilityGlobals) = postSolution
		SolutionGuid = {CB9580A1-C4DD-4032-BC85-A91FFEA4E270}
	EndGlobalSection
EndGlobal
